
Microsoft Visual Studio Solution File, Format Version 12.00
# Visual Studio Version 17
VisualStudioVersion = 17.0.31919.166
MinimumVisualStudioVersion = 10.0.40219.1
Project("{9A19103F-16F7-4668-BE54-9A1E7A4F7556}") = "WebApi", "WebApi\WebApi.csproj", "{7F17E6AD-1FE9-4543-B610-F59ECF73A285}"
EndProject
Project("{9A19103F-16F7-4668-BE54-9A1E7A4F7556}") = "DAL", "DAL\DAL.csproj", "{7CC34D06-6C88-4FB2-BFAD-D46BEE00621C}"
EndProject
Project("{FAE04EC0-301F-11D3-BF4B-00C04F79EFBC}") = "EmailSender", "EmailSender\EmailSender.csproj", "{2227EF7A-2295-41AE-8956-5AFEAE3E09D0}"
EndProject
Project("{FAE04EC0-301F-11D3-BF4B-00C04F79EFBC}") = "Common", "Common\Common.csproj", "{F80B6057-BCB1-4761-8543-E6679916974B}"
EndProject
Global
	GlobalSection(SolutionConfigurationPlatforms) = preSolution
		Debug|Any CPU = Debug|Any CPU
		Release|Any CPU = Release|Any CPU
	EndGlobalSection
	GlobalSection(ProjectConfigurationPlatforms) = postSolution
		{7F17E6AD-1FE9-4543-B610-F59ECF73A285}.Debug|Any CPU.ActiveCfg = Debug|Any CPU
		{7F17E6AD-1FE9-4543-B610-F59ECF73A285}.Debug|Any CPU.Build.0 = Debug|Any CPU
		{7F17E6AD-1FE9-4543-B610-F59ECF73A285}.Release|Any CPU.ActiveCfg = Release|Any CPU
		{7F17E6AD-1FE9-4543-B610-F59ECF73A285}.Release|Any CPU.Build.0 = Release|Any CPU
		{7CC34D06-6C88-4FB2-BFAD-D46BEE00621C}.Debug|Any CPU.ActiveCfg = Debug|Any CPU
		{7CC34D06-6C88-4FB2-BFAD-D46BEE00621C}.Debug|Any CPU.Build.0 = Debug|Any CPU
		{7CC34D06-6C88-4FB2-BFAD-D46BEE00621C}.Release|Any CPU.ActiveCfg = Release|Any CPU
		{7CC34D06-6C88-4FB2-BFAD-D46BEE00621C}.Release|Any CPU.Build.0 = Release|Any CPU
		{2227EF7A-2295-41AE-8956-5AFEAE3E09D0}.Debug|Any CPU.ActiveCfg = Debug|Any CPU
		{2227EF7A-2295-41AE-8956-5AFEAE3E09D0}.Debug|Any CPU.Build.0 = Debug|Any CPU
		{2227EF7A-2295-41AE-8956-5AFEAE3E09D0}.Release|Any CPU.ActiveCfg = Release|Any CPU
		{2227EF7A-2295-41AE-8956-5AFEAE3E09D0}.Release|Any CPU.Build.0 = Release|Any CPU
		{F80B6057-BCB1-4761-8543-E6679916974B}.Debug|Any CPU.ActiveCfg = Debug|Any CPU
		{F80B6057-BCB1-4761-8543-E6679916974B}.Debug|Any CPU.Build.0 = Debug|Any CPU
		{F80B6057-BCB1-4761-8543-E6679916974B}.Release|Any CPU.ActiveCfg = Release|Any CPU
		{F80B6057-BCB1-4761-8543-E6679916974B}.Release|Any CPU.Build.0 = Release|Any CPU
	EndGlobalSection
	GlobalSection(SolutionProperties) = preSolution
		HideSolutionNode = FALSE
	EndGlobalSection
	GlobalSection(ExtensibilityGlobals) = postSolution
		SolutionGuid = {3E007CDA-FF20-487B-8F36-0EFFCE6A4958}
	EndGlobalSection
EndGlobal
